Microsoft Visual Studio Solution File, Format Version 12.00
# Visual Studio Version 17
VisualStudioVersion = 17.5.2.0
MinimumVisualStudioVersion = 10.0.40219.1
Project("{FAE04EC0-301F-11D3-BF4B-00C04F79EFBC}") = "pine-integration-demo", "pine-integration-demo.csproj", "{1645829B-9CBD-E8A7-07F4-1D9E28403444}"
EndProject
Global
	GlobalSection(SolutionConfigurationPlatforms) = preSolution
		Debug|Any CPU = Debug|Any CPU
		Release|Any CPU = Release|Any CPU
	EndGlobalSection
	GlobalSection(ProjectConfigurationPlatforms) = postSolution
		{1645829B-9CBD-E8A7-07F4-1D9E28403444}.Debug|Any CPU.ActiveCfg = Debug|Any CPU
		{1645829B-9CBD-E8A7-07F4-1D9E28403444}.Debug|Any CPU.Build.0 = Debug|Any CPU
		{1645829B-9CBD-E8A7-07F4-1D9E28403444}.Release|Any CPU.ActiveCfg = Release|Any CPU
		{1645829B-9CBD-E8A7-07F4-1D9E28403444}.Release|Any CPU.Build.0 = Release|Any CPU
	EndGlobalSection
	GlobalSection(SolutionProperties) = preSolution
		HideSolutionNode = FALSE
	EndGlobalSection
	GlobalSection(ExtensibilityGlobals) = postSolution
		SolutionGuid = {3DD8089A-CB04-4EA4-84DE-E9914DD4D0CE}
	EndGlobalSection
EndGlobal
